
Microsoft Visual Studio Solution File, Format Version 12.00
# Visual Studio Version 17
VisualStudioVersion = 17.4.33122.133
MinimumVisualStudioVersion = 10.0.40219.1
Project("{9A19103F-16F7-4668-BE54-9A1E7A4F7556}") = "com.dekirai.xero", "com.dekirai.xero\com.dekirai.xero.csproj", "{D2AC930C-5BF8-4BEA-AC4D-EAD180B20B11}"
EndProject
Project("{FAE04EC0-301F-11D3-BF4B-00C04F79EFBC}") = "com.dekirai.pangya", "com.dekirai.pangya\com.dekirai.pangya.csproj", "{4635D874-69C0-4010-BE46-77EF92EB1553}"
EndProject
Global
	GlobalSection(SolutionConfigurationPlatforms) = preSolution
		Debug|Any CPU = Debug|Any CPU
		Release|Any CPU = Release|Any CPU
	EndGlobalSection
	GlobalSection(ProjectConfigurationPlatforms) = postSolution
		{D2AC930C-5BF8-4BEA-AC4D-EAD180B20B11}.Debug|Any CPU.ActiveCfg = Debug|Any CPU
		{D2AC930C-5BF8-4BEA-AC4D-EAD180B20B11}.Debug|Any CPU.Build.0 = Debug|Any CPU
		{D2AC930C-5BF8-4BEA-AC4D-EAD180B20B11}.Release|Any CPU.ActiveCfg = Release|Any CPU
		{D2AC930C-5BF8-4BEA-AC4D-EAD180B20B11}.Release|Any CPU.Build.0 = Release|Any CPU
		{4635D874-69C0-4010-BE46-77EF92EB1553}.Debug|Any CPU.ActiveCfg = Debug|Any CPU
		{4635D874-69C0-4010-BE46-77EF92EB1553}.Debug|Any CPU.Build.0 = Debug|Any CPU
		{4635D874-69C0-4010-BE46-77EF92EB1553}.Release|Any CPU.ActiveCfg = Release|Any CPU
		{4635D874-69C0-4010-BE46-77EF92EB1553}.Release|Any CPU.Build.0 = Release|Any CPU
	EndGlobalSection
	GlobalSection(SolutionProperties) = preSolution
		HideSolutionNode = FALSE
	EndGlobalSection
	GlobalSection(ExtensibilityGlobals) = postSolution
		SolutionGuid = {044065C6-4840-4777-826E-7AADA007DE81}
	EndGlobalSection
EndGlobal
